<?xml version="1.0" encoding="UTF-8"?>
<!DOCTYPE plist PUBLIC "-//Apple//DTD PLIST 1.0//EN" "http://www.apple.com/DTDs/PropertyList-1.0.dtd">
<plist version="1.0">
<dict>
	<key>archiveVersion</key>
	<string>1</string>
	<key>classes</key>
	<dict/>
	<key>objectVersion</key>
	<string>46</string>
	<key>objects</key>
	<dict>
		<key>0344EAFD05B50BC868D594FF</key>
		<dict>
			<key>explicitFileType</key>
			<string>archive.ar</string>
			<key>includeInIndex</key>
			<string>0</string>
			<key>isa</key>
			<string>PBXFileReference</string>
			<key>path</key>
			<string>libPods.a</string>
			<key>sourceTree</key>
			<string>BUILT_PRODUCTS_DIR</string>
		</dict>
		<key>09BEBE2F35001ADA832DDA6C</key>
		<dict>
			<key>includeInIndex</key>
			<string>1</string>
			<key>isa</key>
			<string>PBXFileReference</string>
			<key>lastKnownFileType</key>
			<string>text.xcconfig</string>
			<key>name</key>
			<string>Pods.debug.xcconfig</string>
			<key>path</key>
			<string>Pods/Target Support Files/Pods/Pods.debug.xcconfig</string>
			<key>sourceTree</key>
			<string>&lt;group&gt;</string>
		</dict>
		<key>0D282F171CA6270A008F4888</key>
		<dict>
			<key>children</key>
			<array>
				<string>0D282F221CA6270A008F4888</string>
				<string>0D282F211CA6270A008F4888</string>
				<string>827EC57C66223F761F5477E0</string>
				<string>83AA2FD0686FA51532E183DD</string>
			</array>
			<key>isa</key>
			<string>PBXGroup</string>
			<key>sourceTree</key>
			<string>&lt;group&gt;</string>
		</dict>
		<key>0D282F181CA6270A008F4888</key>
		<dict>
			<key>attributes</key>
			<dict>
				<key>LastUpgradeCheck</key>
				<string>0730</string>
				<key>ORGANIZATIONNAME</key>
				<string>BlackChen</string>
				<key>TargetAttributes</key>
				<dict>
					<key>0D282F1F1CA6270A008F4888</key>
					<dict>
						<key>CreatedOnToolsVersion</key>
						<string>7.3</string>
					</dict>
				</dict>
			</dict>
			<key>buildConfigurationList</key>
			<string>0D282F1B1CA6270A008F4888</string>
			<key>compatibilityVersion</key>
			<string>Xcode 3.2</string>
			<key>developmentRegion</key>
			<string>English</string>
			<key>hasScannedForEncodings</key>
			<string>0</string>
			<key>isa</key>
			<string>PBXProject</string>
			<key>knownRegions</key>
			<array>
				<string>en</string>
				<string>Base</string>
			</array>
			<key>mainGroup</key>
			<string>0D282F171CA6270A008F4888</string>
			<key>productRefGroup</key>
			<string>0D282F211CA6270A008F4888</string>
			<key>projectDirPath</key>
			<string></string>
			<key>projectReferences</key>
			<array/>
			<key>projectRoot</key>
			<string></string>
			<key>targets</key>
			<array>
				<string>0D282F1F1CA6270A008F4888</string>
			</array>
		</dict>
		<key>0D282F1B1CA6270A008F4888</key>
		<dict>
			<key>buildConfigurations</key>
			<array>
				<string>0D282F381CA6270A008F4888</string>
				<string>0D282F391CA6270A008F4888</string>
			</array>
			<key>defaultConfigurationIsVisible</key>
			<string>0</string>
			<key>defaultConfigurationName</key>
			<string>Release</string>
			<key>isa</key>
			<string>XCConfigurationList</string>
		</dict>
		<key>0D282F1C1CA6270A008F4888</key>
		<dict>
			<key>buildActionMask</key>
			<string>2147483647</string>
			<key>files</key>
			<array>
				<string>0D282F281CA6270A008F4888</string>
				<string>0D282FD41CA6326A008F4888</string>
				<string>0D282FD31CA6326A008F4888</string>
				<string>0D282FCC1CA6326A008F4888</string>
				<string>0D282FD81CA6326A008F4888</string>
				<string>0D282FC81CA6326A008F4888</string>
				<string>0D282FC21CA6326A008F4888</string>
				<string>0D282FC71CA6326A008F4888</string>
				<string>0D282F311CA6270A008F4888</string>
				<string>0D282F251CA6270A008F4888</string>
				<string>0D282FD91CA6326A008F4888</string>
				<string>0D282FD11CA6326A008F4888</string>
				<string>0D282FD51CA6326A008F4888</string>
				<string>0D282FD71CA6326A008F4888</string>
				<string>0D282FC01CA6326A008F4888</string>
				<string>0D282FC11CA6326A008F4888</string>
				<string>0D282FCA1CA6326A008F4888</string>
				<string>0D282FDC1CA6326A008F4888</string>
				<string>0D282FC31CA6326A008F4888</string>
				<string>0D282FD61CA6326A008F4888</string>
				<string>0D282FC61CA6326A008F4888</string>
				<string>0D282FDB1CA6326A008F4888</string>
				<string>0D282FCB1CA6326A008F4888</string>
				<string>0D282FD21CA6326A008F4888</string>
				<string>0D282FC41CA6326A008F4888</string>
				<string>0D282FCE1CA6326A008F4888</string>
				<string>0D282FD01CA6326A008F4888</string>
			</array>
			<key>isa</key>
			<string>PBXSourcesBuildPhase</string>
			<key>runOnlyForDeploymentPostprocessing</key>
			<string>0</string>
		</dict>
		<key>0D282F1D1CA6270A008F4888</key>
		<dict>
			<key>buildActionMask</key>
			<string>2147483647</string>
			<key>files</key>
			<array>
				<string>80F79C895E3B1099C082E4E9</string>
			</array>
			<key>isa</key>
			<string>PBXFrameworksBuildPhase</string>
			<key>runOnlyForDeploymentPostprocessing</key>
			<string>0</string>
		</dict>
		<key>0D282F1E1CA6270A008F4888</key>
		<dict>
			<key>buildActionMask</key>
			<string>2147483647</string>
			<key>files</key>
			<array>
				<string>0D282FDA1CA6326A008F4888</string>
				<string>0D282F361CA6270A008F4888</string>
				<string>0D282FC91CA6326A008F4888</string>
				<string>0D282F331CA6270A008F4888</string>
				<string>0D282FCD1CA6326A008F4888</string>
				<string>0D282F2E1CA6270A008F4888</string>
				<string>0D282FC51CA6326A008F4888</string>
				<string>0D282FCF1CA6326A008F4888</string>
			</array>
			<key>isa</key>
			<string>PBXResourcesBuildPhase</string>
			<key>runOnlyForDeploymentPostprocessing</key>
			<string>0</string>
		</dict>
		<key>0D282F1F1CA6270A008F4888</key>
		<dict>
			<key>buildConfigurationList</key>
			<string>0D282F3A1CA6270A008F4888</string>
			<key>buildPhases</key>
			<array>
				<string>B78069A79F0BAAFC83CCEC51</string>
				<string>0D282F1C1CA6270A008F4888</string>
				<string>0D282F1D1CA6270A008F4888</string>
				<string>0D282F1E1CA6270A008F4888</string>
				<string>D4703158A84CE53392751A38</string>
				<string>316FD0CC375759E8F60699A1</string>
			</array>
			<key>buildRules</key>
			<array/>
			<key>dependencies</key>
			<array/>
			<key>isa</key>
			<string>PBXNativeTarget</string>
			<key>name</key>
			<string>PlayVisitorApp</string>
			<key>productName</key>
			<string>PlayVisitorApp</string>
			<key>productReference</key>
			<string>0D282F201CA6270A008F4888</string>
			<key>productType</key>
			<string>com.apple.product-type.application</string>
		</dict>
		<key>0D282F201CA6270A008F4888</key>
		<dict>
			<key>explicitFileType</key>
			<string>wrapper.application</string>
			<key>includeInIndex</key>
			<string>0</string>
			<key>isa</key>
			<string>PBXFileReference</string>
			<key>path</key>
			<string>PlayVisitorApp.app</string>
			<key>sourceTree</key>
			<string>BUILT_PRODUCTS_DIR</string>
		</dict>
		<key>0D282F211CA6270A008F4888</key>
		<dict>
			<key>children</key>
			<array>
				<string>0D282F201CA6270A008F4888</string>
			</array>
			<key>isa</key>
			<string>PBXGroup</string>
			<key>name</key>
			<string>Products</string>
			<key>sourceTree</key>
			<string>&lt;group&gt;</string>
		</dict>
		<key>0D282F221CA6270A008F4888</key>
		<dict>
			<key>children</key>
			<array>
				<string>0D282F901CA6326A008F4888</string>
				<string>0D282F6F1CA6326A008F4888</string>
				<string>0D282F8A1CA6326A008F4888</string>
				<string>0D282F9A1CA6326A008F4888</string>
				<string>0D282F651CA6326A008F4888</string>
				<string>0D282FA01CA6326A008F4888</string>
				<string>0D282F231CA6270A008F4888</string>
			</array>
			<key>isa</key>
			<string>PBXGroup</string>
			<key>path</key>
			<string>PlayVisitorApp</string>
			<key>sourceTree</key>
			<string>&lt;group&gt;</string>
		</dict>
		<key>0D282F231CA6270A008F4888</key>
		<dict>
			<key>children</key>
			<array>
				<string>0D282F261CA6270A008F4888</string>
				<string>0D282F271CA6270A008F4888</string>
				<string>0D282F2C1CA6270A008F4888</string>
				<string>0D282F321CA6270A008F4888</string>
				<string>0D282F341CA6270A008F4888</string>
				<string>0D282F371CA6270A008F4888</string>
				<string>0D282F2F1CA6270A008F4888</string>
				<string>0D282F241CA6270A008F4888</string>
			</array>
			<key>isa</key>
			<string>PBXGroup</string>
			<key>name</key>
			<string>Supporting Files</string>
			<key>sourceTree</key>
			<string>&lt;group&gt;</string>
		</dict>
		<key>0D282F241CA6270A008F4888</key>
		<dict>
			<key>isa</key>
			<string>PBXFileReference</string>
			<key>lastKnownFileType</key>
			<string>sourcecode.c.objc</string>
			<key>path</key>
			<string>main.m</string>
			<key>sourceTree</key>
			<string>&lt;group&gt;</string>
		</dict>
		<key>0D282F251CA6270A008F4888</key>
		<dict>
			<key>fileRef</key>
			<string>0D282F241CA6270A008F4888</string>
			<key>isa</key>
			<string>PBXBuildFile</string>
		</dict>
		<key>0D282F261CA6270A008F4888</key>
		<dict>
			<key>isa</key>
			<string>PBXFileReference</string>
			<key>lastKnownFileType</key>
			<string>sourcecode.c.h</string>
			<key>path</key>
			<string>AppDelegate.h</string>
			<key>sourceTree</key>
			<string>&lt;group&gt;</string>
		</dict>
		<key>0D282F271CA6270A008F4888</key>
		<dict>
			<key>isa</key>
			<string>PBXFileReference</string>
			<key>lastKnownFileType</key>
			<string>sourcecode.c.objc</string>
			<key>path</key>
			<string>AppDelegate.m</string>
			<key>sourceTree</key>
			<string>&lt;group&gt;</string>
		</dict>
		<key>0D282F281CA6270A008F4888</key>
		<dict>
			<key>fileRef</key>
			<string>0D282F271CA6270A008F4888</string>
			<key>isa</key>
			<string>PBXBuildFile</string>
		</dict>
		<key>0D282F2C1CA6270A008F4888</key>
		<dict>
			<key>children</key>
			<array>
				<string>0D282F2D1CA6270A008F4888</string>
			</array>
			<key>isa</key>
			<string>PBXVariantGroup</string>
			<key>name</key>
			<string>Main.storyboard</string>
			<key>sourceTree</key>
			<string>&lt;group&gt;</string>
		</dict>
		<key>0D282F2D1CA6270A008F4888</key>
		<dict>
			<key>isa</key>
			<string>PBXFileReference</string>
			<key>lastKnownFileType</key>
			<string>file.storyboard</string>
			<key>name</key>
			<string>Base</string>
			<key>path</key>
			<string>Base.lproj/Main.storyboard</string>
			<key>sourceTree</key>
			<string>&lt;group&gt;</string>
		</dict>
		<key>0D282F2E1CA6270A008F4888</key>
		<dict>
			<key>fileRef</key>
			<string>0D282F2C1CA6270A008F4888</string>
			<key>isa</key>
			<string>PBXBuildFile</string>
		</dict>
		<key>0D282F2F1CA6270A008F4888</key>
		<dict>
			<key>children</key>
			<array>
				<string>0D282F301CA6270A008F4888</string>
			</array>
			<key>currentVersion</key>
			<string>0D282F301CA6270A008F4888</string>
			<key>isa</key>
			<string>XCVersionGroup</string>
			<key>path</key>
			<string>PlayVisitorApp.xcdatamodeld</string>
			<key>sourceTree</key>
			<string>&lt;group&gt;</string>
			<key>versionGroupType</key>
			<string>wrapper.xcdatamodel</string>
		</dict>
		<key>0D282F301CA6270A008F4888</key>
		<dict>
			<key>isa</key>
			<string>PBXFileReference</string>
			<key>lastKnownFileType</key>
			<string>wrapper.xcdatamodel</string>
			<key>path</key>
			<string>PlayVisitorApp.xcdatamodel</string>
			<key>sourceTree</key>
			<string>&lt;group&gt;</string>
		</dict>
		<key>0D282F311CA6270A008F4888</key>
		<dict>
			<key>fileRef</key>
			<string>0D282F2F1CA6270A008F4888</string>
			<key>isa</key>
			<string>PBXBuildFile</string>
		</dict>
		<key>0D282F321CA6270A008F4888</key>
		<dict>
			<key>isa</key>
			<string>PBXFileReference</string>
			<key>lastKnownFileType</key>
			<string>folder.assetcatalog</string>
			<key>path</key>
			<string>Assets.xcassets</string>
			<key>sourceTree</key>
			<string>&lt;group&gt;</string>
		</dict>
		<key>0D282F331CA6270A008F4888</key>
		<dict>
			<key>fileRef</key>
			<string>0D282F321CA6270A008F4888</string>
			<key>isa</key>
			<string>PBXBuildFile</string>
		</dict>
		<key>0D282F341CA6270A008F4888</key>
		<dict>
			<key>children</key>
			<array>
				<string>0D282F351CA6270A008F4888</string>
			</array>
			<key>isa</key>
			<string>PBXVariantGroup</string>
			<key>name</key>
			<string>LaunchScreen.storyboard</string>
			<key>sourceTree</key>
			<string>&lt;group&gt;</string>
		</dict>
		<key>0D282F351CA6270A008F4888</key>
		<dict>
			<key>isa</key>
			<string>PBXFileReference</string>
			<key>lastKnownFileType</key>
			<string>file.storyboard</string>
			<key>name</key>
			<string>Base</string>
			<key>path</key>
			<string>Base.lproj/LaunchScreen.storyboard</string>
			<key>sourceTree</key>
			<string>&lt;group&gt;</string>
		</dict>
		<key>0D282F361CA6270A008F4888</key>
		<dict>
			<key>fileRef</key>
			<string>0D282F341CA6270A008F4888</string>
			<key>isa</key>
			<string>PBXBuildFile</string>
		</dict>
		<key>0D282F371CA6270A008F4888</key>
		<dict>
			<key>isa</key>
			<string>PBXFileReference</string>
			<key>lastKnownFileType</key>
			<string>text.plist.xml</string>
			<key>path</key>
			<string>Info.plist</string>
			<key>sourceTree</key>
			<string>&lt;group&gt;</string>
		</dict>
		<key>0D282F381CA6270A008F4888</key>
		<dict>
			<key>buildSettings</key>
			<dict>
				<key>ALWAYS_SEARCH_USER_PATHS</key>
				<string>NO</string>
				<key>CLANG_ANALYZER_NONNULL</key>
				<string>YES</string>
				<key>CLANG_CXX_LANGUAGE_STANDARD</key>
				<string>gnu++0x</string>
				<key>CLANG_CXX_LIBRARY</key>
				<string>libc++</string>
				<key>CLANG_ENABLE_MODULES</key>
				<string>YES</string>
				<key>CLANG_ENABLE_OBJC_ARC</key>
				<string>YES</string>
				<key>CLANG_WARN_BOOL_CONVERSION</key>
				<string>YES</string>
				<key>CLANG_WARN_CONSTANT_CONVERSION</key>
				<string>YES</string>
				<key>CLANG_WARN_DIRECT_OBJC_ISA_USAGE</key>
				<string>YES_ERROR</string>
				<key>CLANG_WARN_EMPTY_BODY</key>
				<string>YES</string>
				<key>CLANG_WARN_ENUM_CONVERSION</key>
				<string>YES</string>
				<key>CLANG_WARN_INT_CONVERSION</key>
				<string>YES</string>
				<key>CLANG_WARN_OBJC_ROOT_CLASS</key>
				<string>YES_ERROR</string>
				<key>CLANG_WARN_UNREACHABLE_CODE</key>
				<string>YES</string>
				<key>CLANG_WARN__DUPLICATE_METHOD_MATCH</key>
				<string>YES</string>
				<key>CODE_SIGN_IDENTITY[sdk=iphoneos*]</key>
				<string>iPhone Developer</string>
				<key>COPY_PHASE_STRIP</key>
				<string>NO</string>
				<key>DEBUG_INFORMATION_FORMAT</key>
				<string>dwarf</string>
				<key>ENABLE_STRICT_OBJC_MSGSEND</key>
				<string>YES</string>
				<key>ENABLE_TESTABILITY</key>
				<string>YES</string>
				<key>GCC_C_LANGUAGE_STANDARD</key>
				<string>gnu99</string>
				<key>GCC_DYNAMIC_NO_PIC</key>
				<string>NO</string>
				<key>GCC_NO_COMMON_BLOCKS</key>
				<string>YES</string>
				<key>GCC_OPTIMIZATION_LEVEL</key>
				<string>0</string>
				<key>GCC_PREPROCESSOR_DEFINITIONS</key>
				<array>
					<string>DEBUG=1</string>
					<string>$(inherited)</string>
				</array>
				<key>GCC_WARN_64_TO_32_BIT_CONVERSION</key>
				<string>YES</string>
				<key>GCC_WARN_ABOUT_RETURN_TYPE</key>
				<string>YES_ERROR</string>
				<key>GCC_WARN_UNDECLARED_SELECTOR</key>
				<string>YES</string>
				<key>GCC_WARN_UNINITIALIZED_AUTOS</key>
				<string>YES_AGGRESSIVE</string>
				<key>GCC_WARN_UNUSED_FUNCTION</key>
				<string>YES</string>
				<key>GCC_WARN_UNUSED_VARIABLE</key>
				<string>YES</string>
				<key>IPHONEOS_DEPLOYMENT_TARGET</key>
				<string>9.3</string>
				<key>MTL_ENABLE_DEBUG_INFO</key>
				<string>YES</string>
				<key>ONLY_ACTIVE_ARCH</key>
				<string>YES</string>
				<key>SDKROOT</key>
				<string>iphoneos</string>
				<key>USER_HEADER_SEARCH_PATHS</key>
				<string>$(SRCROOT)/**</string>
			</dict>
			<key>isa</key>
			<string>XCBuildConfiguration</string>
			<key>name</key>
			<string>Debug</string>
		</dict>
		<key>0D282F391CA6270A008F4888</key>
		<dict>
			<key>buildSettings</key>
			<dict>
				<key>ALWAYS_SEARCH_USER_PATHS</key>
				<string>NO</string>
				<key>CLANG_ANALYZER_NONNULL</key>
				<string>YES</string>
				<key>CLANG_CXX_LANGUAGE_STANDARD</key>
				<string>gnu++0x</string>
				<key>CLANG_CXX_LIBRARY</key>
				<string>libc++</string>
				<key>CLANG_ENABLE_MODULES</key>
				<string>YES</string>
				<key>CLANG_ENABLE_OBJC_ARC</key>
				<string>YES</string>
				<key>CLANG_WARN_BOOL_CONVERSION</key>
				<string>YES</string>
				<key>CLANG_WARN_CONSTANT_CONVERSION</key>
				<string>YES</string>
				<key>CLANG_WARN_DIRECT_OBJC_ISA_USAGE</key>
				<string>YES_ERROR</string>
				<key>CLANG_WARN_EMPTY_BODY</key>
				<string>YES</string>
				<key>CLANG_WARN_ENUM_CONVERSION</key>
				<string>YES</string>
				<key>CLANG_WARN_INT_CONVERSION</key>
				<string>YES</string>
				<key>CLANG_WARN_OBJC_ROOT_CLASS</key>
				<string>YES_ERROR</string>
				<key>CLANG_WARN_UNREACHABLE_CODE</key>
				<string>YES</string>
				<key>CLANG_WARN__DUPLICATE_METHOD_MATCH</key>
				<string>YES</string>
				<key>CODE_SIGN_IDENTITY[sdk=iphoneos*]</key>
				<string>iPhone Developer</string>
				<key>COPY_PHASE_STRIP</key>
				<string>NO</string>
				<key>DEBUG_INFORMATION_FORMAT</key>
				<string>dwarf-with-dsym</string>
				<key>ENABLE_NS_ASSERTIONS</key>
				<string>NO</string>
				<key>ENABLE_STRICT_OBJC_MSGSEND</key>
				<string>YES</string>
				<key>GCC_C_LANGUAGE_STANDARD</key>
				<string>gnu99</string>
				<key>GCC_NO_COMMON_BLOCKS</key>
				<string>YES</string>
				<key>GCC_WARN_64_TO_32_BIT_CONVERSION</key>
				<string>YES</string>
				<key>GCC_WARN_ABOUT_RETURN_TYPE</key>
				<string>YES_ERROR</string>
				<key>GCC_WARN_UNDECLARED_SELECTOR</key>
				<string>YES</string>
				<key>GCC_WARN_UNINITIALIZED_AUTOS</key>
				<string>YES_AGGRESSIVE</string>
				<key>GCC_WARN_UNUSED_FUNCTION</key>
				<string>YES</string>
				<key>GCC_WARN_UNUSED_VARIABLE</key>
				<string>YES</string>
				<key>IPHONEOS_DEPLOYMENT_TARGET</key>
				<string>9.3</string>
				<key>MTL_ENABLE_DEBUG_INFO</key>
				<string>NO</string>
				<key>SDKROOT</key>
				<string>iphoneos</string>
				<key>USER_HEADER_SEARCH_PATHS</key>
				<string>$(SRCROOT)/**</string>
				<key>VALIDATE_PRODUCT</key>
				<string>YES</string>
			</dict>
			<key>isa</key>
			<string>XCBuildConfiguration</string>
			<key>name</key>
			<string>Release</string>
		</dict>
		<key>0D282F3A1CA6270A008F4888</key>
		<dict>
			<key>buildConfigurations</key>
			<array>
				<string>0D282F3B1CA6270A008F4888</string>
				<string>0D282F3C1CA6270A008F4888</string>
			</array>
			<key>defaultConfigurationIsVisible</key>
			<string>0</string>
			<key>defaultConfigurationName</key>
			<string>Release</string>
			<key>isa</key>
			<string>XCConfigurationList</string>
		</dict>
		<key>0D282F3B1CA6270A008F4888</key>
		<dict>
			<key>baseConfigurationReference</key>
			<string>09BEBE2F35001ADA832DDA6C</string>
			<key>buildSettings</key>
			<dict>
				<key>ASSETCATALOG_COMPILER_APPICON_NAME</key>
				<string>AppIcon</string>
				<key>GCC_PREFIX_HEADER</key>
				<string>$(SRCROOT)/PlayVisitorApp/PlayOthers/PlayVisitorPCH.pch</string>
				<key>INFOPLIST_FILE</key>
				<string>PlayVisitorApp/Info.plist</string>
				<key>IPHONEOS_DEPLOYMENT_TARGET</key>
				<string>6.0</string>
				<key>LD_RUNPATH_SEARCH_PATHS</key>
				<string>$(inherited) @executable_path/Frameworks</string>
				<key>PRODUCT_BUNDLE_IDENTIFIER</key>
				<string>com.BCSoft.PlayVisitorApp</string>
				<key>PRODUCT_NAME</key>
				<string>$(TARGET_NAME)</string>
				<key>USER_HEADER_SEARCH_PATHS</key>
				<string>$(SRCROOT)/**</string>
			</dict>
			<key>isa</key>
			<string>XCBuildConfiguration</string>
			<key>name</key>
			<string>Debug</string>
		</dict>
		<key>0D282F3C1CA6270A008F4888</key>
		<dict>
			<key>baseConfigurationReference</key>
			<string>A16D0D270457B21AE3631F50</string>
			<key>buildSettings</key>
			<dict>
				<key>ASSETCATALOG_COMPILER_APPICON_NAME</key>
				<string>AppIcon</string>
				<key>GCC_PREFIX_HEADER</key>
				<string>$(SRCROOT)/PlayVisitorApp/PlayOthers/PlayVisitorPCH.pch</string>
				<key>INFOPLIST_FILE</key>
				<string>PlayVisitorApp/Info.plist</string>
				<key>IPHONEOS_DEPLOYMENT_TARGET</key>
				<string>6.0</string>
				<key>LD_RUNPATH_SEARCH_PATHS</key>
				<string>$(inherited) @executable_path/Frameworks</string>
				<key>PRODUCT_BUNDLE_IDENTIFIER</key>
				<string>com.BCSoft.PlayVisitorApp</string>
				<key>PRODUCT_NAME</key>
				<string>$(TARGET_NAME)</string>
				<key>USER_HEADER_SEARCH_PATHS</key>
				<string>$(SRCROOT)/**</string>
			</dict>
			<key>isa</key>
			<string>XCBuildConfiguration</string>
			<key>name</key>
			<string>Release</string>
		</dict>
		<key>0D282F651CA6326A008F4888</key>
		<dict>
			<key>children</key>
			<array>
				<string>0D282F661CA6326A008F4888</string>
				<string>0D282F6B1CA6326A008F4888</string>
				<string>0D282F6C1CA6326A008F4888</string>
			</array>
			<key>isa</key>
			<string>PBXGroup</string>
			<key>path</key>
			<string>PalyPersonModule</string>
			<key>sourceTree</key>
			<string>&lt;group&gt;</string>
		</dict>
		<key>0D282F661CA6326A008F4888</key>
		<dict>
			<key>children</key>
			<array>
				<string>0D282F671CA6326A008F4888</string>
				<string>0D282F681CA6326A008F4888</string>
				<string>0D282F691CA6326A008F4888</string>
				<string>0D282F6A1CA6326A008F4888</string>
			</array>
			<key>isa</key>
			<string>PBXGroup</string>
			<key>path</key>
			<string>Controlles</string>
			<key>sourceTree</key>
			<string>&lt;group&gt;</string>
		</dict>
		<key>0D282F671CA6326A008F4888</key>
		<dict>
			<key>fileEncoding</key>
			<string>4</string>
			<key>isa</key>
			<string>PBXFileReference</string>
			<key>lastKnownFileType</key>
			<string>sourcecode.c.h</string>
			<key>path</key>
			<string>PersonViewController.h</string>
			<key>sourceTree</key>
			<string>&lt;group&gt;</string>
		</dict>
		<key>0D282F681CA6326A008F4888</key>
		<dict>
			<key>fileEncoding</key>
			<string>4</string>
			<key>isa</key>
			<string>PBXFileReference</string>
			<key>lastKnownFileType</key>
			<string>sourcecode.c.objc</string>
			<key>path</key>
			<string>PersonViewController.m</string>
			<key>sourceTree</key>
			<string>&lt;group&gt;</string>
		</dict>
		<key>0D282F691CA6326A008F4888</key>
		<dict>
			<key>fileEncoding</key>
			<string>4</string>
			<key>isa</key>
			<string>PBXFileReference</string>
			<key>lastKnownFileType</key>
			<string>sourcecode.c.h</string>
			<key>path</key>
			<string>SettingViewController.h</string>
			<key>sourceTree</key>
			<string>&lt;group&gt;</string>
		</dict>
		<key>0D282F6A1CA6326A008F4888</key>
		<dict>
			<key>fileEncoding</key>
			<string>4</string>
			<key>isa</key>
			<string>PBXFileReference</string>
			<key>lastKnownFileType</key>
			<string>sourcecode.c.objc</string>
			<key>path</key>
			<string>SettingViewController.m</string>
			<key>sourceTree</key>
			<string>&lt;group&gt;</string>
		</dict>
		<key>0D282F6B1CA6326A008F4888</key>
		<dict>
			<key>children</key>
			<array/>
			<key>isa</key>
			<string>PBXGroup</string>
			<key>path</key>
			<string>Models</string>
			<key>sourceTree</key>
			<string>&lt;group&gt;</string>
		</dict>
		<key>0D282F6C1CA6326A008F4888</key>
		<dict>
			<key>children</key>
			<array>
				<string>0D282F6D1CA6326A008F4888</string>
				<string>0D282F6E1CA6326A008F4888</string>
			</array>
			<key>isa</key>
			<string>PBXGroup</string>
			<key>path</key>
			<string>Views</string>
			<key>sourceTree</key>
			<string>&lt;group&gt;</string>
		</dict>
		<key>0D282F6D1CA6326A008F4888</key>
		<dict>
			<key>fileEncoding</key>
			<string>4</string>
			<key>isa</key>
			<string>PBXFileReference</string>
			<key>lastKnownFileType</key>
			<string>sourcecode.c.h</string>
			<key>path</key>
			<string>TQMultistageTableView.h</string>
			<key>sourceTree</key>
			<string>&lt;group&gt;</string>
		</dict>
		<key>0D282F6E1CA6326A008F4888</key>
		<dict>
			<key>fileEncoding</key>
			<string>4</string>
			<key>isa</key>
			<string>PBXFileReference</string>
			<key>lastKnownFileType</key>
			<string>sourcecode.c.objc</string>
			<key>path</key>
			<string>TQMultistageTableView.m</string>
			<key>sourceTree</key>
			<string>&lt;group&gt;</string>
		</dict>
		<key>0D282F6F1CA6326A008F4888</key>
		<dict>
			<key>children</key>
			<array>
				<string>0D282F701CA6326A008F4888</string>
				<string>0D282F761CA6326A008F4888</string>
				<string>0D282F7D1CA6326A008F4888</string>
				<string>0D282F7E1CA6326A008F4888</string>
			</array>
			<key>isa</key>
			<string>PBXGroup</string>
			<key>path</key>
			<string>PlayHomeModule</string>
			<key>sourceTree</key>
			<string>&lt;group&gt;</string>
		</dict>
		<key>0D282F701CA6326A008F4888</key>
		<dict>
			<key>children</key>
			<array>
				<string>0D282F711CA6326A008F4888</string>
				<string>0D282F721CA6326A008F4888</string>
				<string>0D282F731CA6326A008F4888</string>
				<string>0D282F741CA6326A008F4888</string>
				<string>0D282F751CA6326A008F4888</string>
			</array>
			<key>isa</key>
			<string>PBXGroup</string>
			<key>path</key>
			<string>Controlles</string>
			<key>sourceTree</key>
			<string>&lt;group&gt;</string>
		</dict>
		<key>0D282F711CA6326A008F4888</key>
		<dict>
			<key>fileEncoding</key>
			<string>4</string>
			<key>isa</key>
			<string>PBXFileReference</string>
			<key>lastKnownFileType</key>
			<string>sourcecode.c.h</string>
			<key>path</key>
			<string>DetailViewController.h</string>
			<key>sourceTree</key>
			<string>&lt;group&gt;</string>
		</dict>
		<key>0D282F721CA6326A008F4888</key>
		<dict>
			<key>fileEncoding</key>
			<string>4</string>
			<key>isa</key>
			<string>PBXFileReference</string>
			<key>lastKnownFileType</key>
			<string>sourcecode.c.objc</string>
			<key>path</key>
			<string>DetailViewController.m</string>
			<key>sourceTree</key>
			<string>&lt;group&gt;</string>
		</dict>
		<key>0D282F731CA6326A008F4888</key>
		<dict>
			<key>fileEncoding</key>
			<string>4</string>
			<key>isa</key>
			<string>PBXFileReference</string>
			<key>lastKnownFileType</key>
			<string>sourcecode.c.h</string>
			<key>path</key>
			<string>HomeViewController.h</string>
			<key>sourceTree</key>
			<string>&lt;group&gt;</string>
		</dict>
		<key>0D282F741CA6326A008F4888</key>
		<dict>
			<key>fileEncoding</key>
			<string>4</string>
			<key>isa</key>
			<string>PBXFileReference</string>
			<key>lastKnownFileType</key>
			<string>sourcecode.c.objc</string>
			<key>path</key>
			<string>HomeViewController.m</string>
			<key>sourceTree</key>
			<string>&lt;group&gt;</string>
		</dict>
		<key>0D282F751CA6326A008F4888</key>
		<dict>
			<key>fileEncoding</key>
			<string>4</string>
			<key>isa</key>
			<string>PBXFileReference</string>
			<key>lastKnownFileType</key>
			<string>file.xib</string>
			<key>path</key>
			<string>HomeViewController.xib</string>
			<key>sourceTree</key>
			<string>&lt;group&gt;</string>
		</dict>
		<key>0D282F761CA6326A008F4888</key>
		<dict>
			<key>children</key>
			<array>
				<string>0D282F771CA6326A008F4888</string>
				<string>0D282F781CA6326A008F4888</string>
				<string>0D282F791CA6326A008F4888</string>
				<string>0D282F7A1CA6326A008F4888</string>
				<string>0D282F7B1CA6326A008F4888</string>
				<string>0D282F7C1CA6326A008F4888</string>
			</array>
			<key>isa</key>
			<string>PBXGroup</string>
			<key>path</key>
			<string>DataManager</string>
			<key>sourceTree</key>
			<string>&lt;group&gt;</string>
		</dict>
		<key>0D282F771CA6326A008F4888</key>
		<dict>
			<key>fileEncoding</key>
			<string>4</string>
			<key>isa</key>
			<string>PBXFileReference</string>
			<key>lastKnownFileType</key>
			<string>sourcecode.c.h</string>
			<key>path</key>
			<string>DataManager.h</string>
			<key>sourceTree</key>
			<string>&lt;group&gt;</string>
		</dict>
		<key>0D282F781CA6326A008F4888</key>
		<dict>
			<key>fileEncoding</key>
			<string>4</string>
			<key>isa</key>
			<string>PBXFileReference</string>
			<key>lastKnownFileType</key>
			<string>sourcecode.c.objc</string>
			<key>path</key>
			<string>DataManager.m</string>
			<key>sourceTree</key>
			<string>&lt;group&gt;</string>
		</dict>
		<key>0D282F791CA6326A008F4888</key>
		<dict>
			<key>fileEncoding</key>
			<string>4</string>
			<key>isa</key>
			<string>PBXFileReference</string>
			<key>lastKnownFileType</key>
			<string>sourcecode.c.h</string>
			<key>path</key>
			<string>SidModel.h</string>
			<key>sourceTree</key>
			<string>&lt;group&gt;</string>
		</dict>
		<key>0D282F7A1CA6326A008F4888</key>
		<dict>
			<key>fileEncoding</key>
			<string>4</string>
			<key>isa</key>
			<string>PBXFileReference</string>
			<key>lastKnownFileType</key>
			<string>sourcecode.c.objc</string>
			<key>path</key>
			<string>SidModel.m</string>
			<key>sourceTree</key>
			<string>&lt;group&gt;</string>
		</dict>
		<key>0D282F7B1CA6326A008F4888</key>
		<dict>
			<key>fileEncoding</key>
			<string>4</string>
			<key>isa</key>
			<string>PBXFileReference</string>
			<key>lastKnownFileType</key>
			<string>sourcecode.c.h</string>
			<key>path</key>
			<string>VideoModel.h</string>
			<key>sourceTree</key>
			<string>&lt;group&gt;</string>
		</dict>
		<key>0D282F7C1CA6326A008F4888</key>
		<dict>
			<key>fileEncoding</key>
			<string>4</string>
			<key>isa</key>
			<string>PBXFileReference</string>
			<key>lastKnownFileType</key>
			<string>sourcecode.c.objc</string>
			<key>path</key>
			<string>VideoModel.m</string>
			<key>sourceTree</key>
			<string>&lt;group&gt;</string>
		</dict>
		<key>0D282F7D1CA6326A008F4888</key>
		<dict>
			<key>children</key>
			<array/>
			<key>isa</key>
			<string>PBXGroup</string>
			<key>path</key>
			<string>Models</string>
			<key>sourceTree</key>
			<string>&lt;group&gt;</string>
		</dict>
		<key>0D282F7E1CA6326A008F4888</key>
		<dict>
			<key>children</key>
			<array>
				<string>0D282F7F1CA6326A008F4888</string>
				<string>0D282F801CA6326A008F4888</string>
				<string>0D282F811CA6326A008F4888</string>
				<string>0D282F821CA6326A008F4888</string>
				<string>0D282F831CA6326A008F4888</string>
				<string>0D282F841CA6326A008F4888</string>
				<string>0D282F851CA6326A008F4888</string>
				<string>0D282F861CA6326A008F4888</string>
				<string>0D282F871CA6326A008F4888</string>
				<string>0D282F881CA6326A008F4888</string>
				<string>0D282F891CA6326A008F4888</string>
			</array>
			<key>isa</key>
			<string>PBXGroup</string>
			<key>path</key>
			<string>Views</string>
			<key>sourceTree</key>
			<string>&lt;group&gt;</string>
		</dict>
		<key>0D282F7F1CA6326A008F4888</key>
		<dict>
			<key>isa</key>
			<string>PBXFileReference</string>
			<key>lastKnownFileType</key>
			<string>file</string>
			<key>path</key>
			<string>FontAwesome.ttf</string>
			<key>sourceTree</key>
			<string>&lt;group&gt;</string>
		</dict>
		<key>0D282F801CA6326A008F4888</key>
		<dict>
			<key>fileEncoding</key>
			<string>4</string>
			<key>isa</key>
			<string>PBXFileReference</string>
			<key>lastKnownFileType</key>
			<string>sourcecode.c.h</string>
			<key>path</key>
			<string>NSString+FontAwesome.h</string>
			<key>sourceTree</key>
			<string>&lt;group&gt;</string>
		</dict>
		<key>0D282F811CA6326A008F4888</key>
		<dict>
			<key>fileEncoding</key>
			<string>4</string>
			<key>isa</key>
			<string>PBXFileReference</string>
			<key>lastKnownFileType</key>
			<string>sourcecode.c.objc</string>
			<key>path</key>
			<string>NSString+FontAwesome.m</string>
			<key>sourceTree</key>
			<string>&lt;group&gt;</string>
		</dict>
		<key>0D282F821CA6326A008F4888</key>
		<dict>
			<key>fileEncoding</key>
			<string>4</string>
			<key>isa</key>
			<string>PBXFileReference</string>
			<key>lastKnownFileType</key>
			<string>sourcecode.c.h</string>
			<key>path</key>
			<string>UIButton+Bootstrap.h</string>
			<key>sourceTree</key>
			<string>&lt;group&gt;</string>
		</dict>
		<key>0D282F831CA6326A008F4888</key>
		<dict>
			<key>fileEncoding</key>
			<string>4</string>
			<key>isa</key>
			<string>PBXFileReference</string>
			<key>lastKnownFileType</key>
			<string>sourcecode.c.objc</string>
			<key>path</key>
			<string>UIButton+Bootstrap.m</string>
			<key>sourceTree</key>
			<string>&lt;group&gt;</string>
		</dict>
		<key>0D282F841CA6326A008F4888</key>
		<dict>
			<key>fileEncoding</key>
			<string>4</string>
			<key>isa</key>
			<string>PBXFileReference</string>
			<key>lastKnownFileType</key>
			<string>sourcecode.c.h</string>
			<key>path</key>
			<string>VideoCell.h</string>
			<key>sourceTree</key>
			<string>&lt;group&gt;</string>
		</dict>
		<key>0D282F851CA6326A008F4888</key>
		<dict>
			<key>fileEncoding</key>
			<string>4</string>
			<key>isa</key>
			<string>PBXFileReference</string>
			<key>lastKnownFileType</key>
			<string>sourcecode.c.objc</string>
			<key>path</key>
			<string>VideoCell.m</string>
			<key>sourceTree</key>
			<string>&lt;group&gt;</string>
		</dict>
		<key>0D282F861CA6326A008F4888</key>
		<dict>
			<key>fileEncoding</key>
			<string>4</string>
			<key>isa</key>
			<string>PBXFileReference</string>
			<key>lastKnownFileType</key>
			<string>file.xib</string>
			<key>path</key>
			<string>VideoCell.xib</string>
			<key>sourceTree</key>
			<string>&lt;group&gt;</string>
		</dict>
		<key>0D282F871CA6326A008F4888</key>
		<dict>
			<key>fileEncoding</key>
			<string>4</string>
			<key>isa</key>
			<string>PBXFileReference</string>
			<key>lastKnownFileType</key>
			<string>sourcecode.c.h</string>
			<key>path</key>
			<string>VideoCellCode.h</string>
			<key>sourceTree</key>
			<string>&lt;group&gt;</string>
		</dict>
		<key>0D282F881CA6326A008F4888</key>
		<dict>
			<key>fileEncoding</key>
			<string>4</string>
			<key>isa</key>
			<string>PBXFileReference</string>
			<key>lastKnownFileType</key>
			<string>sourcecode.c.objc</string>
			<key>path</key>
			<string>VideoCellCode.m</string>
			<key>sourceTree</key>
			<string>&lt;group&gt;</string>
		</dict>
		<key>0D282F891CA6326A008F4888</key>
		<dict>
			<key>fileEncoding</key>
			<string>4</string>
			<key>isa</key>
			<string>PBXFileReference</string>
			<key>lastKnownFileType</key>
			<string>file.xib</string>
			<key>path</key>
			<string>VideoCellCode.xib</string>
			<key>sourceTree</key>
			<string>&lt;group&gt;</string>
		</dict>
		<key>0D282F8A1CA6326A008F4888</key>
		<dict>
			<key>children</key>
			<array>
				<string>0D282F8B1CA6326A008F4888</string>
				<string>0D282F8E1CA6326A008F4888</string>
				<string>0D282F8F1CA6326A008F4888</string>
			</array>
			<key>isa</key>
			<string>PBXGroup</string>
			<key>path</key>
			<string>PlayJoyModule</string>
			<key>sourceTree</key>
			<string>&lt;group&gt;</string>
		</dict>
		<key>0D282F8B1CA6326A008F4888</key>
		<dict>
			<key>children</key>
			<array>
				<string>0D282F8C1CA6326A008F4888</string>
				<string>0D282F8D1CA6326A008F4888</string>
			</array>
			<key>isa</key>
			<string>PBXGroup</string>
			<key>path</key>
			<string>Controlles</string>
			<key>sourceTree</key>
			<string>&lt;group&gt;</string>
		</dict>
		<key>0D282F8C1CA6326A008F4888</key>
		<dict>
			<key>fileEncoding</key>
			<string>4</string>
			<key>isa</key>
			<string>PBXFileReference</string>
			<key>lastKnownFileType</key>
			<string>sourcecode.c.h</string>
			<key>path</key>
			<string>JoyViewController.h</string>
			<key>sourceTree</key>
			<string>&lt;group&gt;</string>
		</dict>
		<key>0D282F8D1CA6326A008F4888</key>
		<dict>
			<key>fileEncoding</key>
			<string>4</string>
			<key>isa</key>
			<string>PBXFileReference</string>
			<key>lastKnownFileType</key>
			<string>sourcecode.c.objc</string>
			<key>path</key>
			<string>JoyViewController.m</string>
			<key>sourceTree</key>
			<string>&lt;group&gt;</string>
		</dict>
		<key>0D282F8E1CA6326A008F4888</key>
		<dict>
			<key>children</key>
			<array/>
			<key>isa</key>
			<string>PBXGroup</string>
			<key>path</key>
			<string>Models</string>
			<key>sourceTree</key>
			<string>&lt;group&gt;</string>
		</dict>
		<key>0D282F8F1CA6326A008F4888</key>
		<dict>
			<key>children</key>
			<array/>
			<key>isa</key>
			<string>PBXGroup</string>
			<key>path</key>
			<string>Views</string>
			<key>sourceTree</key>
			<string>&lt;group&gt;</string>
		</dict>
		<key>0D282F901CA6326A008F4888</key>
		<dict>
			<key>children</key>
			<array>
				<string>0D282F911CA6326A008F4888</string>
				<string>0D282F981CA6326A008F4888</string>
				<string>0D282F991CA6326A008F4888</string>
			</array>
			<key>isa</key>
			<string>PBXGroup</string>
			<key>path</key>
			<string>PlayLoginModule</string>
			<key>sourceTree</key>
			<string>&lt;group&gt;</string>
		</dict>
		<key>0D282F911CA6326A008F4888</key>
		<dict>
			<key>children</key>
			<array>
				<string>0D282F921CA6326A008F4888</string>
				<string>0D282F931CA6326A008F4888</string>
				<string>0D282F941CA6326A008F4888</string>
				<string>0D282F951CA6326A008F4888</string>
				<string>0D282F961CA6326A008F4888</string>
				<string>0D282F971CA6326A008F4888</string>
			</array>
			<key>isa</key>
			<string>PBXGroup</string>
			<key>path</key>
			<string>Controlles</string>
			<key>sourceTree</key>
			<string>&lt;group&gt;</string>
		</dict>
		<key>0D282F921CA6326A008F4888</key>
		<dict>
			<key>fileEncoding</key>
			<string>4</string>
			<key>isa</key>
			<string>PBXFileReference</string>
			<key>lastKnownFileType</key>
			<string>sourcecode.c.h</string>
			<key>path</key>
			<string>ForgetPasswordViewController.h</string>
			<key>sourceTree</key>
			<string>&lt;group&gt;</string>
		</dict>
		<key>0D282F931CA6326A008F4888</key>
		<dict>
			<key>fileEncoding</key>
			<string>4</string>
			<key>isa</key>
			<string>PBXFileReference</string>
			<key>lastKnownFileType</key>
			<string>sourcecode.c.objc</string>
			<key>path</key>
			<string>ForgetPasswordViewController.m</string>
			<key>sourceTree</key>
			<string>&lt;group&gt;</string>
		</dict>
		<key>0D282F941CA6326A008F4888</key>
		<dict>
			<key>fileEncoding</key>
			<string>4</string>
			<key>isa</key>
			<string>PBXFileReference</string>
			<key>lastKnownFileType</key>
			<string>sourcecode.c.h</string>
			<key>path</key>
			<string>LoginViewController.h</string>
			<key>sourceTree</key>
			<string>&lt;group&gt;</string>
		</dict>
		<key>0D282F951CA6326A008F4888</key>
		<dict>
			<key>fileEncoding</key>
			<string>4</string>
			<key>isa</key>
			<string>PBXFileReference</string>
			<key>lastKnownFileType</key>
			<string>sourcecode.c.objc</string>
			<key>path</key>
			<string>LoginViewController.m</string>
			<key>sourceTree</key>
			<string>&lt;group&gt;</string>
		</dict>
		<key>0D282F961CA6326A008F4888</key>
		<dict>
			<key>fileEncoding</key>
			<string>4</string>
			<key>isa</key>
			<string>PBXFileReference</string>
			<key>lastKnownFileType</key>
			<string>sourcecode.c.h</string>
			<key>path</key>
			<string>UserAgreementViewController.h</string>
			<key>sourceTree</key>
			<string>&lt;group&gt;</string>
		</dict>
		<key>0D282F971CA6326A008F4888</key>
		<dict>
			<key>fileEncoding</key>
			<string>4</string>
			<key>isa</key>
			<string>PBXFileReference</string>
			<key>lastKnownFileType</key>
			<string>sourcecode.c.objc</string>
			<key>path</key>
			<string>UserAgreementViewController.m</string>
			<key>sourceTree</key>
			<string>&lt;group&gt;</string>
		</dict>
		<key>0D282F981CA6326A008F4888</key>
		<dict>
			<key>children</key>
			<array/>
			<key>isa</key>
			<string>PBXGroup</string>
			<key>path</key>
			<string>Models</string>
			<key>sourceTree</key>
			<string>&lt;group&gt;</string>
		</dict>
		<key>0D282F991CA6326A008F4888</key>
		<dict>
			<key>children</key>
			<array/>
			<key>isa</key>
			<string>PBXGroup</string>
			<key>path</key>
			<string>Views</string>
			<key>sourceTree</key>
			<string>&lt;group&gt;</string>
		</dict>
		<key>0D282F9A1CA6326A008F4888</key>
		<dict>
			<key>children</key>
			<array>
				<string>0D282F9B1CA6326A008F4888</string>
				<string>0D282F9E1CA6326A008F4888</string>
				<string>0D282F9F1CA6326A008F4888</string>
			</array>
			<key>isa</key>
			<string>PBXGroup</string>
			<key>path</key>
			<string>PlayOtherModule</string>
			<key>sourceTree</key>
			<string>&lt;group&gt;</string>
		</dict>
		<key>0D282F9B1CA6326A008F4888</key>
		<dict>
			<key>children</key>
			<array>
				<string>0D282F9C1CA6326A008F4888</string>
				<string>0D282F9D1CA6326A008F4888</string>
			</array>
			<key>isa</key>
			<string>PBXGroup</string>
			<key>path</key>
			<string>Controlles</string>
			<key>sourceTree</key>
			<string>&lt;group&gt;</string>
		</dict>
		<key>0D282F9C1CA6326A008F4888</key>
		<dict>
			<key>fileEncoding</key>
			<string>4</string>
			<key>isa</key>
			<string>PBXFileReference</string>
			<key>lastKnownFileType</key>
			<string>sourcecode.c.h</string>
			<key>path</key>
			<string>OtherViewController.h</string>
			<key>sourceTree</key>
			<string>&lt;group&gt;</string>
		</dict>
		<key>0D282F9D1CA6326A008F4888</key>
		<dict>
			<key>fileEncoding</key>
			<string>4</string>
			<key>isa</key>
			<string>PBXFileReference</string>
			<key>lastKnownFileType</key>
			<string>sourcecode.c.objc</string>
			<key>path</key>
			<string>OtherViewController.m</string>
			<key>sourceTree</key>
			<string>&lt;group&gt;</string>
		</dict>
		<key>0D282F9E1CA6326A008F4888</key>
		<dict>
			<key>children</key>
			<array/>
			<key>isa</key>
			<string>PBXGroup</string>
			<key>path</key>
			<string>Models</string>
			<key>sourceTree</key>
			<string>&lt;group&gt;</string>
		</dict>
		<key>0D282F9F1CA6326A008F4888</key>
		<dict>
			<key>children</key>
			<array/>
			<key>isa</key>
			<string>PBXGroup</string>
			<key>path</key>
			<string>Views</string>
			<key>sourceTree</key>
			<string>&lt;group&gt;</string>
		</dict>
		<key>0D282FA01CA6326A008F4888</key>
		<dict>
			<key>children</key>
			<array>
				<string>0D282FA11CA6326A008F4888</string>
				<string>0D282FA51CA6326A008F4888</string>
				<string>0D282FA81CA6326A008F4888</string>
				<string>0D282FBD1CA6326A008F4888</string>
				<string>0D282FA41CA6326A008F4888</string>
			</array>
			<key>isa</key>
			<string>PBXGroup</string>
			<key>path</key>
			<string>PlayOthers</string>
			<key>sourceTree</key>
			<string>&lt;group&gt;</string>
		</dict>
		<key>0D282FA11CA6326A008F4888</key>
		<dict>
			<key>children</key>
			<array>
				<string>0D282FA21CA6326A008F4888</string>
				<string>0D282FA31CA6326A008F4888</string>
			</array>
			<key>isa</key>
			<string>PBXGroup</string>
			<key>path</key>
			<string>Category</string>
			<key>sourceTree</key>
			<string>&lt;group&gt;</string>
		</dict>
		<key>0D282FA21CA6326A008F4888</key>
		<dict>
			<key>fileEncoding</key>
			<string>4</string>
			<key>isa</key>
			<string>PBXFileReference</string>
			<key>lastKnownFileType</key>
			<string>sourcecode.c.h</string>
			<key>path</key>
			<string>UIButton+DIYButton.h</string>
			<key>sourceTree</key>
			<string>&lt;group&gt;</string>
		</dict>
		<key>0D282FA31CA6326A008F4888</key>
		<dict>
			<key>fileEncoding</key>
			<string>4</string>
			<key>isa</key>
			<string>PBXFileReference</string>
			<key>lastKnownFileType</key>
			<string>sourcecode.c.objc</string>
			<key>path</key>
			<string>UIButton+DIYButton.m</string>
			<key>sourceTree</key>
			<string>&lt;group&gt;</string>
		</dict>
		<key>0D282FA41CA6326A008F4888</key>
		<dict>
			<key>fileEncoding</key>
			<string>4</string>
			<key>isa</key>
			<string>PBXFileReference</string>
			<key>lastKnownFileType</key>
			<string>sourcecode.c.h</string>
			<key>path</key>
			<string>PlayVisitorPCH.pch</string>
			<key>sourceTree</key>
			<string>&lt;group&gt;</string>
		</dict>
		<key>0D282FA51CA6326A008F4888</key>
		<dict>
			<key>children</key>
			<array>
				<string>0D282FA61CA6326A008F4888</string>
				<string>0D282FA71CA6326A008F4888</string>
			</array>
			<key>isa</key>
			<string>PBXGroup</string>
			<key>path</key>
			<string>ScreenMatching</string>
			<key>sourceTree</key>
			<string>&lt;group&gt;</string>
		</dict>
		<key>0D282FA61CA6326A008F4888</key>
		<dict>
			<key>fileEncoding</key>
			<string>4</string>
			<key>isa</key>
			<string>PBXFileReference</string>
			<key>lastKnownFileType</key>
			<string>sourcecode.c.h</string>
			<key>path</key>
			<string>UIResponder+Adapt.h</string>
			<key>sourceTree</key>
			<string>&lt;group&gt;</string>
		</dict>
		<key>0D282FA71CA6326A008F4888</key>
		<dict>
			<key>fileEncoding</key>
			<string>4</string>
			<key>isa</key>
			<string>PBXFileReference</string>
			<key>lastKnownFileType</key>
			<string>sourcecode.c.objc</string>
			<key>path</key>
			<string>UIResponder+Adapt.m</string>
			<key>sourceTree</key>
			<string>&lt;group&gt;</string>
		</dict>
		<key>0D282FA81CA6326A008F4888</key>
		<dict>
			<key>children</key>
			<array>
				<string>0D282FA91CA6326A008F4888</string>
				<string>0D282FB01CA6326A008F4888</string>
				<string>0D282FB71CA6326A008F4888</string>
				<string>0D282FB81CA6326A008F4888</string>
			</array>
			<key>isa</key>
			<string>PBXGroup</string>
			<key>path</key>
			<string>ThirdFrameworks</string>
			<key>sourceTree</key>
			<string>&lt;group&gt;</string>
		</dict>
		<key>0D282FA91CA6326A008F4888</key>
		<dict>
			<key>children</key>
			<array>
				<string>0D282FAA1CA6326A008F4888</string>
				<string>0D282FAB1CA6326A008F4888</string>
			</array>
			<key>isa</key>
			<string>PBXGroup</string>
			<key>path</key>
			<string>MJRefresh</string>
			<key>sourceTree</key>
			<string>&lt;group&gt;</string>
		</dict>
		<key>0D282FAA1CA6326A008F4888</key>
		<dict>
			<key>children</key>
			<array/>
			<key>isa</key>
			<string>PBXGroup</string>
			<key>path</key>
			<string>Base</string>
			<key>sourceTree</key>
			<string>&lt;group&gt;</string>
		</dict>
		<key>0D282FAB1CA6326A008F4888</key>
		<dict>
			<key>children</key>
			<array>
				<string>0D282FAC1CA6326A008F4888</string>
				<string>0D282FAF1CA6326A008F4888</string>
			</array>
			<key>isa</key>
			<string>PBXGroup</string>
			<key>path</key>
			<string>Custom</string>
			<key>sourceTree</key>
			<string>&lt;group&gt;</string>
		</dict>
		<key>0D282FAC1CA6326A008F4888</key>
		<dict>
			<key>children</key>
			<array>
				<string>0D282FAD1CA6326A008F4888</string>
				<string>0D282FAE1CA6326A008F4888</string>
			</array>
			<key>isa</key>
			<string>PBXGroup</string>
			<key>path</key>
			<string>Footer</string>
			<key>sourceTree</key>
			<string>&lt;group&gt;</string>
		</dict>
		<key>0D282FAD1CA6326A008F4888</key>
		<dict>
			<key>children</key>
			<array/>
			<key>isa</key>
			<string>PBXGroup</string>
			<key>path</key>
			<string>Auto</string>
			<key>sourceTree</key>
			<string>&lt;group&gt;</string>
		</dict>
		<key>0D282FAE1CA6326A008F4888</key>
		<dict>
			<key>children</key>
			<array/>
			<key>isa</key>
			<string>PBXGroup</string>
			<key>path</key>
			<string>Back</string>
			<key>sourceTree</key>
			<string>&lt;group&gt;</string>
		</dict>
		<key>0D282FAF1CA6326A008F4888</key>
		<dict>
			<key>children</key>
			<array/>
			<key>isa</key>
			<string>PBXGroup</string>
			<key>path</key>
			<string>Header</string>
			<key>sourceTree</key>
			<string>&lt;group&gt;</string>
		</dict>
		<key>0D282FB01CA6326A008F4888</key>
		<dict>
			<key>children</key>
			<array>
				<string>0D282FB11CA6326A008F4888</string>
				<string>0D282FB21CA6326A008F4888</string>
				<string>0D282FB31CA6326A008F4888</string>
				<string>0D282FB41CA6326A008F4888</string>
				<string>0D282FB51CA6326A008F4888</string>
				<string>0D282FB61CA6326A008F4888</string>
			</array>
			<key>isa</key>
			<string>PBXGroup</string>
			<key>path</key>
			<string>RDVTabBarController</string>
			<key>sourceTree</key>
			<string>&lt;group&gt;</string>
		</dict>
		<key>0D282FB11CA6326A008F4888</key>
		<dict>
			<key>fileEncoding</key>
			<string>4</string>
			<key>isa</key>
			<string>PBXFileReference</string>
			<key>lastKnownFileType</key>
			<string>sourcecode.c.h</string>
			<key>path</key>
			<string>RDVTabBar.h</string>
			<key>sourceTree</key>
			<string>&lt;group&gt;</string>
		</dict>
		<key>0D282FB21CA6326A008F4888</key>
		<dict>
			<key>fileEncoding</key>
			<string>4</string>
			<key>isa</key>
			<string>PBXFileReference</string>
			<key>lastKnownFileType</key>
			<string>sourcecode.c.objc</string>
			<key>path</key>
			<string>RDVTabBar.m</string>
			<key>sourceTree</key>
			<string>&lt;group&gt;</string>
		</dict>
		<key>0D282FB31CA6326A008F4888</key>
		<dict>
			<key>fileEncoding</key>
			<string>4</string>
			<key>isa</key>
			<string>PBXFileReference</string>
			<key>lastKnownFileType</key>
			<string>sourcecode.c.h</string>
			<key>path</key>
			<string>RDVTabBarController.h</string>
			<key>sourceTree</key>
			<string>&lt;group&gt;</string>
		</dict>
		<key>0D282FB41CA6326A008F4888</key>
		<dict>
			<key>fileEncoding</key>
			<string>4</string>
			<key>isa</key>
			<string>PBXFileReference</string>
			<key>lastKnownFileType</key>
			<string>sourcecode.c.objc</string>
			<key>path</key>
			<string>RDVTabBarController.m</string>
			<key>sourceTree</key>
			<string>&lt;group&gt;</string>
		</dict>
		<key>0D282FB51CA6326A008F4888</key>
		<dict>
			<key>fileEncoding</key>
			<string>4</string>
			<key>isa</key>
			<string>PBXFileReference</string>
			<key>lastKnownFileType</key>
			<string>sourcecode.c.h</string>
			<key>path</key>
			<string>RDVTabBarItem.h</string>
			<key>sourceTree</key>
			<string>&lt;group&gt;</string>
		</dict>
		<key>0D282FB61CA6326A008F4888</key>
		<dict>
			<key>fileEncoding</key>
			<string>4</string>
			<key>isa</key>
			<string>PBXFileReference</string>
			<key>lastKnownFileType</key>
			<string>sourcecode.c.objc</string>
			<key>path</key>
			<string>RDVTabBarItem.m</string>
			<key>sourceTree</key>
			<string>&lt;group&gt;</string>
		</dict>
		<key>0D282FB71CA6326A008F4888</key>
		<dict>
			<key>children</key>
			<array/>
			<key>isa</key>
			<string>PBXGroup</string>
			<key>path</key>
			<string>SDWebImage</string>
			<key>sourceTree</key>
			<string>&lt;group&gt;</string>
		</dict>
		<key>0D282FB81CA6326A008F4888</key>
		<dict>
			<key>children</key>
			<array>
				<string>0D282FB91CA6326A008F4888</string>
				<string>0D282FBA1CA6326A008F4888</string>
				<string>0D282FBB1CA6326A008F4888</string>
				<string>0D282FBC1CA6326A008F4888</string>
			</array>
			<key>isa</key>
			<string>PBXGroup</string>
			<key>path</key>
			<string>WMPlayer</string>
			<key>sourceTree</key>
			<string>&lt;group&gt;</string>
		</dict>
		<key>0D282FB91CA6326A008F4888</key>
		<dict>
			<key>children</key>
			<array/>
			<key>isa</key>
			<string>PBXGroup</string>
			<key>path</key>
			<string>Masonry</string>
			<key>sourceTree</key>
			<string>&lt;group&gt;</string>
		</dict>
		<key>0D282FBA1CA6326A008F4888</key>
		<dict>
			<key>isa</key>
			<string>PBXFileReference</string>
			<key>lastKnownFileType</key>
			<string>wrapper.plug-in</string>
			<key>path</key>
			<string>WMPlayer.bundle</string>
			<key>sourceTree</key>
			<string>&lt;group&gt;</string>
		</dict>
		<key>0D282FBB1CA6326A008F4888</key>
		<dict>
			<key>fileEncoding</key>
			<string>4</string>
			<key>isa</key>
			<string>PBXFileReference</string>
			<key>lastKnownFileType</key>
			<string>sourcecode.c.h</string>
			<key>path</key>
			<string>WMPlayer.h</string>
			<key>sourceTree</key>
			<string>&lt;group&gt;</string>
		</dict>
		<key>0D282FBC1CA6326A008F4888</key>
		<dict>
			<key>fileEncoding</key>
			<string>4</string>
			<key>isa</key>
			<string>PBXFileReference</string>
			<key>lastKnownFileType</key>
			<string>sourcecode.c.objc</string>
			<key>path</key>
			<string>WMPlayer.m</string>
			<key>sourceTree</key>
			<string>&lt;group&gt;</string>
		</dict>
		<key>0D282FBD1CA6326A008F4888</key>
		<dict>
			<key>children</key>
			<array>
				<string>0D282FBE1CA6326A008F4888</string>
				<string>0D282FBF1CA6326A008F4888</string>
			</array>
			<key>isa</key>
			<string>PBXGroup</string>
			<key>path</key>
			<string>UniversalViews</string>
			<key>sourceTree</key>
			<string>&lt;group&gt;</string>
		</dict>
		<key>0D282FBE1CA6326A008F4888</key>
		<dict>
			<key>fileEncoding</key>
			<string>4</string>
			<key>isa</key>
			<string>PBXFileReference</string>
			<key>lastKnownFileType</key>
			<string>sourcecode.c.h</string>
			<key>path</key>
			<string>IconView.h</string>
			<key>sourceTree</key>
			<string>&lt;group&gt;</string>
		</dict>
		<key>0D282FBF1CA6326A008F4888</key>
		<dict>
			<key>fileEncoding</key>
			<string>4</string>
			<key>isa</key>
			<string>PBXFileReference</string>
			<key>lastKnownFileType</key>
			<string>sourcecode.c.objc</string>
			<key>path</key>
			<string>IconView.m</string>
			<key>sourceTree</key>
			<string>&lt;group&gt;</string>
		</dict>
		<key>0D282FC01CA6326A008F4888</key>
		<dict>
			<key>fileRef</key>
			<string>0D282F681CA6326A008F4888</string>
			<key>isa</key>
			<string>PBXBuildFile</string>
		</dict>
		<key>0D282FC11CA6326A008F4888</key>
		<dict>
			<key>fileRef</key>
			<string>0D282F6A1CA6326A008F4888</string>
			<key>isa</key>
			<string>PBXBuildFile</string>
		</dict>
		<key>0D282FC21CA6326A008F4888</key>
		<dict>
			<key>fileRef</key>
			<string>0D282F6E1CA6326A008F4888</string>
			<key>isa</key>
			<string>PBXBuildFile</string>
		</dict>
		<key>0D282FC31CA6326A008F4888</key>
		<dict>
			<key>fileRef</key>
			<string>0D282F721CA6326A008F4888</string>
			<key>isa</key>
			<string>PBXBuildFile</string>
		</dict>
		<key>0D282FC41CA6326A008F4888</key>
		<dict>
			<key>fileRef</key>
			<string>0D282F741CA6326A008F4888</string>
			<key>isa</key>
			<string>PBXBuildFile</string>
		</dict>
		<key>0D282FC51CA6326A008F4888</key>
		<dict>
			<key>fileRef</key>
			<string>0D282F751CA6326A008F4888</string>
			<key>isa</key>
			<string>PBXBuildFile</string>
		</dict>
		<key>0D282FC61CA6326A008F4888</key>
		<dict>
			<key>fileRef</key>
			<string>0D282F781CA6326A008F4888</string>
			<key>isa</key>
			<string>PBXBuildFile</string>
		</dict>
		<key>0D282FC71CA6326A008F4888</key>
		<dict>
			<key>fileRef</key>
			<string>0D282F7A1CA6326A008F4888</string>
			<key>isa</key>
			<string>PBXBuildFile</string>
		</dict>
		<key>0D282FC81CA6326A008F4888</key>
		<dict>
			<key>fileRef</key>
			<string>0D282F7C1CA6326A008F4888</string>
			<key>isa</key>
			<string>PBXBuildFile</string>
		</dict>
		<key>0D282FC91CA6326A008F4888</key>
		<dict>
			<key>fileRef</key>
			<string>0D282F7F1CA6326A008F4888</string>
			<key>isa</key>
			<string>PBXBuildFile</string>
		</dict>
		<key>0D282FCA1CA6326A008F4888</key>
		<dict>
			<key>fileRef</key>
			<string>0D282F811CA6326A008F4888</string>
			<key>isa</key>
			<string>PBXBuildFile</string>
		</dict>
		<key>0D282FCB1CA6326A008F4888</key>
		<dict>
			<key>fileRef</key>
			<string>0D282F831CA6326A008F4888</string>
			<key>isa</key>
			<string>PBXBuildFile</string>
		</dict>
		<key>0D282FCC1CA6326A008F4888</key>
		<dict>
			<key>fileRef</key>
			<string>0D282F851CA6326A008F4888</string>
			<key>isa</key>
			<string>PBXBuildFile</string>
		</dict>
		<key>0D282FCD1CA6326A008F4888</key>
		<dict>
			<key>fileRef</key>
			<string>0D282F861CA6326A008F4888</string>
			<key>isa</key>
			<string>PBXBuildFile</string>
		</dict>
		<key>0D282FCE1CA6326A008F4888</key>
		<dict>
			<key>fileRef</key>
			<string>0D282F881CA6326A008F4888</string>
			<key>isa</key>
			<string>PBXBuildFile</string>
		</dict>
		<key>0D282FCF1CA6326A008F4888</key>
		<dict>
			<key>fileRef</key>
			<string>0D282F891CA6326A008F4888</string>
			<key>isa</key>
			<string>PBXBuildFile</string>
		</dict>
		<key>0D282FD01CA6326A008F4888</key>
		<dict>
			<key>fileRef</key>
			<string>0D282F8D1CA6326A008F4888</string>
			<key>isa</key>
			<string>PBXBuildFile</string>
		</dict>
		<key>0D282FD11CA6326A008F4888</key>
		<dict>
			<key>fileRef</key>
			<string>0D282F931CA6326A008F4888</string>
			<key>isa</key>
			<string>PBXBuildFile</string>
		</dict>
		<key>0D282FD21CA6326A008F4888</key>
		<dict>
			<key>fileRef</key>
			<string>0D282F951CA6326A008F4888</string>
			<key>isa</key>
			<string>PBXBuildFile</string>
		</dict>
		<key>0D282FD31CA6326A008F4888</key>
		<dict>
			<key>fileRef</key>
			<string>0D282F971CA6326A008F4888</string>
			<key>isa</key>
			<string>PBXBuildFile</string>
		</dict>
		<key>0D282FD41CA6326A008F4888</key>
		<dict>
			<key>fileRef</key>
			<string>0D282F9D1CA6326A008F4888</string>
			<key>isa</key>
			<string>PBXBuildFile</string>
		</dict>
		<key>0D282FD51CA6326A008F4888</key>
		<dict>
			<key>fileRef</key>
			<string>0D282FA31CA6326A008F4888</string>
			<key>isa</key>
			<string>PBXBuildFile</string>
		</dict>
		<key>0D282FD61CA6326A008F4888</key>
		<dict>
			<key>fileRef</key>
			<string>0D282FA71CA6326A008F4888</string>
			<key>isa</key>
			<string>PBXBuildFile</string>
		</dict>
		<key>0D282FD71CA6326A008F4888</key>
		<dict>
			<key>fileRef</key>
			<string>0D282FB21CA6326A008F4888</string>
			<key>isa</key>
			<string>PBXBuildFile</string>
		</dict>
		<key>0D282FD81CA6326A008F4888</key>
		<dict>
			<key>fileRef</key>
			<string>0D282FB41CA6326A008F4888</string>
			<key>isa</key>
			<string>PBXBuildFile</string>
		</dict>
		<key>0D282FD91CA6326A008F4888</key>
		<dict>
			<key>fileRef</key>
			<string>0D282FB61CA6326A008F4888</string>
			<key>isa</key>
			<string>PBXBuildFile</string>
		</dict>
		<key>0D282FDA1CA6326A008F4888</key>
		<dict>
			<key>fileRef</key>
			<string>0D282FBA1CA6326A008F4888</string>
			<key>isa</key>
			<string>PBXBuildFile</string>
		</dict>
		<key>0D282FDB1CA6326A008F4888</key>
		<dict>
			<key>fileRef</key>
			<string>0D282FBC1CA6326A008F4888</string>
			<key>isa</key>
			<string>PBXBuildFile</string>
		</dict>
		<key>0D282FDC1CA6326A008F4888</key>
		<dict>
			<key>fileRef</key>
			<string>0D282FBF1CA6326A008F4888</string>
			<key>isa</key>
			<string>PBXBuildFile</string>
		</dict>
		<key>316FD0CC375759E8F60699A1</key>
		<dict>
			<key>buildActionMask</key>
			<string>2147483647</string>
			<key>files</key>
			<array/>
			<key>inputPaths</key>
			<array/>
			<key>isa</key>
			<string>PBXShellScriptBuildPhase</string>
			<key>name</key>
			<string>Copy Pods Resources</string>
			<key>outputPaths</key>
			<array/>
			<key>runOnlyForDeploymentPostprocessing</key>
			<string>0</string>
			<key>shellPath</key>
			<string>/bin/sh</string>
			<key>shellScript</key>
			<string>"${SRCROOT}/Pods/Target Support Files/Pods/Pods-resources.sh"
</string>
			<key>showEnvVarsInLog</key>
			<string>0</string>
		</dict>
		<key>80F79C895E3B1099C082E4E9</key>
		<dict>
			<key>fileRef</key>
			<string>0344EAFD05B50BC868D594FF</string>
			<key>isa</key>
			<string>PBXBuildFile</string>
		</dict>
		<key>827EC57C66223F761F5477E0</key>
		<dict>
			<key>children</key>
			<array>
				<string>09BEBE2F35001ADA832DDA6C</string>
				<string>A16D0D270457B21AE3631F50</string>
			</array>
			<key>isa</key>
			<string>PBXGroup</string>
			<key>name</key>
			<string>Pods</string>
			<key>sourceTree</key>
			<string>&lt;group&gt;</string>
		</dict>
		<key>83AA2FD0686FA51532E183DD</key>
		<dict>
			<key>children</key>
			<array>
				<string>0344EAFD05B50BC868D594FF</string>
			</array>
			<key>isa</key>
			<string>PBXGroup</string>
			<key>name</key>
			<string>Frameworks</string>
			<key>sourceTree</key>
			<string>&lt;group&gt;</string>
		</dict>
		<key>A16D0D270457B21AE3631F50</key>
		<dict>
			<key>includeInIndex</key>
			<string>1</string>
			<key>isa</key>
			<string>PBXFileReference</string>
			<key>lastKnownFileType</key>
			<string>text.xcconfig</string>
			<key>name</key>
			<string>Pods.release.xcconfig</string>
			<key>path</key>
			<string>Pods/Target Support Files/Pods/Pods.release.xcconfig</string>
			<key>sourceTree</key>
			<string>&lt;group&gt;</string>
		</dict>
		<key>B78069A79F0BAAFC83CCEC51</key>
		<dict>
			<key>buildActionMask</key>
			<string>2147483647</string>
			<key>files</key>
			<array/>
			<key>inputPaths</key>
			<array/>
			<key>isa</key>
			<string>PBXShellScriptBuildPhase</string>
			<key>name</key>
			<string>Check Pods Manifest.lock</string>
			<key>outputPaths</key>
			<array/>
			<key>runOnlyForDeploymentPostprocessing</key>
			<string>0</string>
			<key>shellPath</key>
			<string>/bin/sh</string>
			<key>shellScript</key>
			<string>diff "${PODS_ROOT}/../Podfile.lock" "${PODS_ROOT}/Manifest.lock" &gt; /dev/null
if [[ $? != 0 ]] ; then
    cat &lt;&lt; EOM
error: The sandbox is not in sync with the Podfile.lock. Run 'pod install' or update your CocoaPods installation.
EOM
    exit 1
fi
</string>
			<key>showEnvVarsInLog</key>
			<string>0</string>
		</dict>
		<key>D4703158A84CE53392751A38</key>
		<dict>
			<key>buildActionMask</key>
			<string>2147483647</string>
			<key>files</key>
			<array/>
			<key>inputPaths</key>
			<array/>
			<key>isa</key>
			<string>PBXShellScriptBuildPhase</string>
			<key>name</key>
			<string>Embed Pods Frameworks</string>
			<key>outputPaths</key>
			<array/>
			<key>runOnlyForDeploymentPostprocessing</key>
			<string>0</string>
			<key>shellPath</key>
			<string>/bin/sh</string>
			<key>shellScript</key>
			<string>"${SRCROOT}/Pods/Target Support Files/Pods/Pods-frameworks.sh"
</string>
			<key>showEnvVarsInLog</key>
			<string>0</string>
		</dict>
	</dict>
	<key>rootObject</key>
	<string>0D282F181CA6270A008F4888</string>
</dict>
</plist>
